
Microsoft Visual Studio Solution File, Format Version 12.00
# Visual Studio 15
VisualStudioVersion = 15.0.28307.572
MinimumVisualStudioVersion = 10.0.40219.1
Project("{FAE04EC0-301F-11D3-BF4B-00C04F79EFBC}") = "CinemaHitss", "CinemaHitss\CinemaHitss.csproj", "{DB431F83-722E-4C9C-B520-FBD2E53E69FC}"
EndProject
Global
	GlobalSection(SolutionConfigurationPlatforms) = preSolution
		Debug|Any CPU = Debug|Any CPU
		Release|Any CPU = Release|Any CPU
	EndGlobalSection
	GlobalSection(ProjectConfigurationPlatforms) = postSolution
		{DB431F83-722E-4C9C-B520-FBD2E53E69FC}.Debug|Any CPU.ActiveCfg = Debug|Any CPU
		{DB431F83-722E-4C9C-B520-FBD2E53E69FC}.Debug|Any CPU.Build.0 = Debug|Any CPU
		{DB431F83-722E-4C9C-B520-FBD2E53E69FC}.Release|Any CPU.ActiveCfg = Release|Any CPU
		{DB431F83-722E-4C9C-B520-FBD2E53E69FC}.Release|Any CPU.Build.0 = Release|Any CPU
	EndGlobalSection
	GlobalSection(SolutionProperties) = preSolution
		HideSolutionNode = FALSE
	EndGlobalSection
	GlobalSection(ExtensibilityGlobals) = postSolution
		SolutionGuid = {0DCEBA3D-8D2C-43C9-8584-C212D0FD7C45}
	EndGlobalSection
EndGlobal
